
Microsoft Visual Studio Solution File, Format Version 12.00
# Visual Studio Version 17
VisualStudioVersion = 17.11.35219.272
MinimumVisualStudioVersion = 10.0.40219.1
Project("{FAE04EC0-301F-11D3-BF4B-00C04F79EFBC}") = "UnivercityStudent", "UnivercityStudent.csproj", "{53BC1C04-63EF-4EF9-A442-FD1544AF1EB6}"
EndProject
Global
	GlobalSection(SolutionConfigurationPlatforms) = preSolution
		Debug|Any CPU = Debug|Any CPU
		Release|Any CPU = Release|Any CPU
	EndGlobalSection
	GlobalSection(ProjectConfigurationPlatforms) = postSolution
		{53BC1C04-63EF-4EF9-A442-FD1544AF1EB6}.Debug|Any CPU.ActiveCfg = Debug|Any CPU
		{53BC1C04-63EF-4EF9-A442-FD1544AF1EB6}.Debug|Any CPU.Build.0 = Debug|Any CPU
		{53BC1C04-63EF-4EF9-A442-FD1544AF1EB6}.Release|Any CPU.ActiveCfg = Release|Any CPU
		{53BC1C04-63EF-4EF9-A442-FD1544AF1EB6}.Release|Any CPU.Build.0 = Release|Any CPU
	EndGlobalSection
	GlobalSection(SolutionProperties) = preSolution
		HideSolutionNode = FALSE
	EndGlobalSection
	GlobalSection(ExtensibilityGlobals) = postSolution
		SolutionGuid = {7066A287-5457-4596-999C-55B69BF58023}
	EndGlobalSection
EndGlobal
